{
  "nodes": {
    "nixpkgs": {
      "locked": {
        "lastModified": 1674457414,
        "narHash": "sha256-HGoDKtOXIKvU72/4gL3VUYla/YExhS0oPoiIuDjlTrg=",
        "owner": "NixOS",
        "repo": "nixpkgs",
        "rev": "f32319e7ba8f03ea2f1c66a5ffe43b4e771108f5",
        "type": "github"
      },
      "original": {
        "id": "nixpkgs",
        "type": "indirect"
      }
    },
    "root": {
      "inputs": {
        "nixpkgs": "nixpkgs"
      }
    }
  },
  "root": "root",
  "version": 7
}
